{
  "requires": true,
  "lockfileVersion": 1,
  "dependencies": {
    "react-native-maps": {
      "version": "0.24.2",
      "resolved": "https://registry.npmjs.org/react-native-maps/-/react-native-maps-0.24.2.tgz",
      "integrity": "sha512-1iNIDikp2dkCG+8DguaEviYZiMSYyvwqYT7pO2YTZvuFRDSc/P9jXMhTUnSh4wNDlEeQ47OJ09l0pwWVBZ7wxg=="
    }
  }
}
